// !$*UTF8*$!
{
	archiveVersion = 1;
	classes = {
	};
	objectVersion = 48;
	objects = {

/* Begin PBXBuildFile section */
		662E14A51FCC473F00BBCD7B /* AppDelegate.m in Sources */ = {isa = PBXBuildFile; fileRef = 662E14A41FCC473F00BBCD7B /* AppDelegate.m */; };
		662E14A81FCC473F00BBCD7B /* ViewController.m in Sources */ = {isa = PBXBuildFile; fileRef = 662E14A71FCC473F00BBCD7B /* ViewController.m */; };
		662E14AB1FCC473F00BBCD7B /* Main.storyboard in Resources */ = {isa = PBXBuildFile; fileRef = 662E14A91FCC473F00BBCD7B /* Main.storyboard */; };
		662E14AD1FCC473F00BBCD7B /* Assets.xcassets in Resources */ = {isa = PBXBuildFile; fileRef = 662E14AC1FCC473F00BBCD7B /* Assets.xcassets */; };
		662E14B01FCC473F00BBCD7B /* LaunchScreen.storyboard in Resources */ = {isa = PBXBuildFile; fileRef = 662E14AE1FCC473F00BBCD7B /* LaunchScreen.storyboard */; };
		662E14B31FCC473F00BBCD7B /* main.m in Sources */ = {isa = PBXBuildFile; fileRef = 662E14B21FCC473F00BBCD7B /* main.m */; };
		6693EA241FCCF85A00D59B56 /* NSString+time.m in Sources */ = {isa = PBXBuildFile; fileRef = 6693EA231FCCF85A00D59B56 /* NSString+time.m */; };
		66EAD02A1FCD767A00758296 /* NSString+ext.m in Sources */ = {isa = PBXBuildFile; fileRef = 66EAD0291FCD767A00758296 /* NSString+ext.m */; };
/* End PBXBuildFile section */

/* Begin PBXFileReference section */
		662E14A01FCC473F00BBCD7B /* GMT.app */ = {isa = PBXFileReference; explicitFileType = wrapper.application; includeInIndex = 0; path = GMT.app; sourceTree = BUILT_PRODUCTS_DIR; };
		662E14A31FCC473F00BBCD7B /* AppDelegate.h */ = {isa = PBXFileReference; lastKnownFileType = sourcecode.c.h; path = AppDelegate.h; sourceTree = "<group>"; };
		662E14A41FCC473F00BBCD7B /* AppDelegate.m */ = {isa = PBXFileReference; lastKnownFileType = sourcecode.c.objc; path = AppDelegate.m; sourceTree = "<group>"; };
		662E14A61FCC473F00BBCD7B /* ViewController.h */ = {isa = PBXFileReference; lastKnownFileType = sourcecode.c.h; path = ViewController.h; sourceTree = "<group>"; };
		662E14A71FCC473F00BBCD7B /* ViewController.m */ = {isa = PBXFileReference; lastKnownFileType = sourcecode.c.objc; path = ViewController.m; sourceTree = "<group>"; };
		662E14AA1FCC473F00BBCD7B /* Base */ = {isa = PBXFileReference; lastKnownFileType = file.storyboard; name = Base; path = Base.lproj/Main.storyboard; sourceTree = "<group>"; };
		662E14AC1FCC473F00BBCD7B /* Assets.xcassets */ = {isa = PBXFileReference; lastKnownFileType = folder.assetcatalog; path = Assets.xcassets; sourceTree = "<group>"; };
		662E14AF1FCC473F00BBCD7B /* Base */ = {isa = PBXFileReference; lastKnownFileType = file.storyboard; name = Base; path = Base.lproj/LaunchScreen.storyboard; sourceTree = "<group>"; };
		662E14B11FCC473F00BBCD7B /* Info.plist */ = {isa = PBXFileReference; lastKnownFileType = text.plist.xml; path = Info.plist; sourceTree = "<group>"; };
		662E14B21FCC473F00BBCD7B /* main.m */ = {isa = PBXFileReference; lastKnownFileType = sourcecode.c.objc; path = main.m; sourceTree = "<group>"; };
		6693EA221FCCF85A00D59B56 /* NSString+time.h */ = {isa = PBXFileReference; lastKnownFileType = sourcecode.c.h; path = "NSString+time.h"; sourceTree = "<group>"; };
		6693EA231FCCF85A00D59B56 /* NSString+time.m */ = {isa = PBXFileReference; lastKnownFileType = sourcecode.c.objc; path = "NSString+time.m"; sourceTree = "<group>"; };
		66EAD0281FCD767A00758296 /* NSString+ext.h */ = {isa = PBXFileReference; lastKnownFileType = sourcecode.c.h; path = "NSString+ext.h"; sourceTree = "<group>"; };
		66EAD0291FCD767A00758296 /* NSString+ext.m */ = {isa = PBXFileReference; lastKnownFileType = sourcecode.c.objc; path = "NSString+ext.m"; sourceTree = "<group>"; };
/* End PBXFileReference section */

/* Begin PBXFrameworksBuildPhase section */
		662E149D1FCC473F00BBCD7B /* Frameworks */ = {
			isa = PBXFrameworksBuildPhase;
			buildActionMask = 2147483647;
			files = (
			);
			runOnlyForDeploymentPostprocessing = 0;
		};
/* End PBXFrameworksBuildPhase section */

/* Begin PBXGroup section */
		662E14971FCC473F00BBCD7B = {
			isa = PBXGroup;
			children = (
				662E14A21FCC473F00BBCD7B /* GMT */,
				662E14A11FCC473F00BBCD7B /* Products */,
			);
			sourceTree = "<group>";
		};
		662E14A11FCC473F00BBCD7B /* Products */ = {
			isa = PBXGroup;
			children = (
				662E14A01FCC473F00BBCD7B /* GMT.app */,
			);
			name = Products;
			sourceTree = "<group>";
		};
		662E14A21FCC473F00BBCD7B /* GMT */ = {
			isa = PBXGroup;
			children = (
				662E14A31FCC473F00BBCD7B /* AppDelegate.h */,
				662E14A41FCC473F00BBCD7B /* AppDelegate.m */,
				662E14A61FCC473F00BBCD7B /* ViewController.h */,
				662E14A71FCC473F00BBCD7B /* ViewController.m */,
				66EAD0281FCD767A00758296 /* NSString+ext.h */,
				66EAD0291FCD767A00758296 /* NSString+ext.m */,
				6693EA221FCCF85A00D59B56 /* NSString+time.h */,
				6693EA231FCCF85A00D59B56 /* NSString+time.m */,
				662E14A91FCC473F00BBCD7B /* Main.storyboard */,
				662E14AC1FCC473F00BBCD7B /* Assets.xcassets */,
				662E14AE1FCC473F00BBCD7B /* LaunchScreen.storyboard */,
				662E14B11FCC473F00BBCD7B /* Info.plist */,
				662E14B21FCC473F00BBCD7B /* main.m */,
			);
			path = GMT;
			sourceTree = "<group>";
		};
/* End PBXGroup section */

/* Begin PBXNativeTarget section */
		662E149F1FCC473F00BBCD7B /* GMT */ = {
			isa = PBXNativeTarget;
			buildConfigurationList = 662E14B61FCC473F00BBCD7B /* Build configuration list for PBXNativeTarget "GMT" */;
			buildPhases = (
				662E149C1FCC473F00BBCD7B /* Sources */,
				662E149D1FCC473F00BBCD7B /* Frameworks */,
				662E149E1FCC473F00BBCD7B /* Resources */,
			);
			buildRules = (
			);
			dependencies = (
			);
			name = GMT;
			productName = GMT;
			productReference = 662E14A01FCC473F00BBCD7B /* GMT.app */;
			productType = "com.apple.product-type.application";
		};
/* End PBXNativeTarget section */

/* Begin PBXProject section */
		662E14981FCC473F00BBCD7B /* Project object */ = {
			isa = PBXProject;
			attributes = {
				LastUpgradeCheck = 0910;
				ORGANIZATIONNAME = "物联利浪";
				TargetAttributes = {
					662E149F1FCC473F00BBCD7B = {
						CreatedOnToolsVersion = 9.1;
						ProvisioningStyle = Automatic;
					};
				};
			};
			buildConfigurationList = 662E149B1FCC473F00BBCD7B /* Build configuration list for PBXProject "GMT" */;
			compatibilityVersion = "Xcode 8.0";
			developmentRegion = en;
			hasScannedForEncodings = 0;
			knownRegions = (
				en,
				Base,
			);
			mainGroup = 662E14971FCC473F00BBCD7B;
			productRefGroup = 662E14A11FCC473F00BBCD7B /* Products */;
			projectDirPath = "";
			projectRoot = "";
			targets = (
				662E149F1FCC473F00BBCD7B /* GMT */,
			);
		};
/* End PBXProject section */

/* Begin PBXResourcesBuildPhase section */
		662E149E1FCC473F00BBCD7B /* Resources */ = {
			isa = PBXResourcesBuildPhase;
			buildActionMask = 2147483647;
			files = (
				662E14B01FCC473F00BBCD7B /* LaunchScreen.storyboard in Resources */,
				662E14AD1FCC473F00BBCD7B /* Assets.xcassets in Resources */,
				662E14AB1FCC473F00BBCD7B /* Main.storyboard in Resources */,
			);
			runOnlyForDeploymentPostprocessing = 0;
		};
/* End PBXResourcesBuildPhase section */

/* Begin PBXSourcesBuildPhase section */
		662E149C1FCC473F00BBCD7B /* Sources */ = {
			isa = PBXSourcesBuildPhase;
			buildActionMask = 2147483647;
			files = (
				662E14A81FCC473F00BBCD7B /* ViewController.m in Sources */,
				6693EA241FCCF85A00D59B56 /* NSString+time.m in Sources */,
				66EAD02A1FCD767A00758296 /* NSString+ext.m in Sources */,
				662E14B31FCC473F00BBCD7B /* main.m in Sources */,
				662E14A51FCC473F00BBCD7B /* AppDelegate.m in Sources */,
			);
			runOnlyForDeploymentPostprocessing = 0;
		};
/* End PBXSourcesBuildPhase section */

/* Begin PBXVariantGroup section */
		662E14A91FCC473F00BBCD7B /* Main.storyboard */ = {
			isa = PBXVariantGroup;
			children = (
				662E14AA1FCC473F00BBCD7B /* Base */,
			);
			name = Main.storyboard;
			sourceTree = "<group>";
		};
		662E14AE1FCC473F00BBCD7B /* LaunchScreen.storyboard */ = {
			isa = PBXVariantGroup;
			children = (
				662E14AF1FCC473F00BBCD7B /* Base */,
			);
			name = LaunchScreen.storyboard;
			sourceTree = "<group>";
		};
/* End PBXVariantGroup section */

/* Begin XCBuildConfiguration section */
		662E14B41FCC473F00BBCD7B /* Debug */ = {
			isa = XCBuildConfiguration;
			buildSettings = {
				ALWAYS_SEARCH_USER_PATHS = NO;
				CLANG_ANALYZER_NONNULL = YES;
				CLANG_ANALYZER_NUMBER_OBJECT_CONVERSION = YES_AGGRESSIVE;
				CLANG_CXX_LANGUAGE_STANDARD = "gnu++14";
				CLANG_CXX_LIBRARY = "libc++";
				CLANG_ENABLE_MODULES = YES;
				CLANG_ENABLE_OBJC_ARC = YES;
				CLANG_WARN_BLOCK_CAPTURE_AUTORELEASING = YES;
				CLANG_WARN_BOOL_CONVERSION = YES;
				CLANG_WARN_COMMA = YES;
				CLANG_WARN_CONSTANT_CONVERSION = YES;
				CLANG_WARN_DIRECT_OBJC_ISA_USAGE = YES_ERROR;
				CLANG_WARN_DOCUMENTATION_COMMENTS = YES;
				CLANG_WARN_EMPTY_BODY = YES;
				CLANG_WARN_ENUM_CONVERSION = YES;
				CLANG_WARN_INFINITE_RECURSION = YES;
				CLANG_WARN_INT_CONVERSION = YES;
				CLANG_WARN_NON_LITERAL_NULL_CONVERSION = YES;
				CLANG_WARN_OBJC_LITERAL_CONVERSION = YES;
				CLANG_WARN_OBJC_ROOT_CLASS = YES_ERROR;
				CLANG_WARN_RANGE_LOOP_ANALYSIS = YES;
				CLANG_WARN_STRICT_PROTOTYPES = YES;
				CLANG_WARN_SUSPICIOUS_MOVE = YES;
				CLANG_WARN_UNGUARDED_AVAILABILITY = YES_AGGRESSIVE;
				CLANG_WARN_UNREACHABLE_CODE = YES;
				CLANG_WARN__DUPLICATE_METHOD_MATCH = YES;
				CODE_SIGN_IDENTITY = "iPhone Developer";
				COPY_PHASE_STRIP = NO;
				DEBUG_INFORMATION_FORMAT = dwarf;
				ENABLE_STRICT_OBJC_MSGSEND = YES;
				ENABLE_TESTABILITY = YES;
				GCC_C_LANGUAGE_STANDARD = gnu11;
				GCC_DYNAMIC_NO_PIC = NO;
				GCC_NO_COMMON_BLOCKS = YES;
				GCC_OPTIMIZATION_LEVEL = 0;
				GCC_PREPROCESSOR_DEFINITIONS = (
					"DEBUG=1",
					"$(inherited)",
				);
				GCC_WARN_64_TO_32_BIT_CONVERSION = YES;
				GCC_WARN_ABOUT_RETURN_TYPE = YES_ERROR;
				GCC_WARN_UNDECLARED_SELECTOR = YES;
				GCC_WARN_UNINITIALIZED_AUTOS = YES_AGGRESSIVE;
				GCC_WARN_UNUSED_FUNCTION = YES;
				GCC_WARN_UNUSED_VARIABLE = YES;
				IPHONEOS_DEPLOYMENT_TARGET = 11.1;
				MTL_ENABLE_DEBUG_INFO = YES;
				ONLY_ACTIVE_ARCH = YES;
				SDKROOT = iphoneos;
			};
			name = Debug;
		};
		662E14B51FCC473F00BBCD7B /* Release */ = {
			isa = XCBuildConfiguration;
			buildSettings = {
				ALWAYS_SEARCH_USER_PATHS = NO;
				CLANG_ANALYZER_NONNULL = YES;
				CLANG_ANALYZER_NUMBER_OBJECT_CONVERSION = YES_AGGRESSIVE;
				CLANG_CXX_LANGUAGE_STANDARD = "gnu++14";
				CLANG_CXX_LIBRARY = "libc++";
				CLANG_ENABLE_MODULES = YES;
				CLANG_ENABLE_OBJC_ARC = YES;
				CLANG_WARN_BLOCK_CAPTURE_AUTORELEASING = YES;
				CLANG_WARN_BOOL_CONVERSION = YES;
				CLANG_WARN_COMMA = YES;
				CLANG_WARN_CONSTANT_CONVERSION = YES;
				CLANG_WARN_DIRECT_OBJC_ISA_USAGE = YES_ERROR;
				CLANG_WARN_DOCUMENTATION_COMMENTS = YES;
				CLANG_WARN_EMPTY_BODY = YES;
				CLANG_WARN_ENUM_CONVERSION = YES;
				CLANG_WARN_INFINITE_RECURSION = YES;
				CLANG_WARN_INT_CONVERSION = YES;
				CLANG_WARN_NON_LITERAL_NULL_CONVERSION = YES;
				CLANG_WARN_OBJC_LITERAL_CONVERSION = YES;
				CLANG_WARN_OBJC_ROOT_CLASS = YES_ERROR;
				CLANG_WARN_RANGE_LOOP_ANALYSIS = YES;
				CLANG_WARN_STRICT_PROTOTYPES = YES;
				CLANG_WARN_SUSPICIOUS_MOVE = YES;
				CLANG_WARN_UNGUARDED_AVAILABILITY = YES_AGGRESSIVE;
				CLANG_WARN_UNREACHABLE_CODE = YES;
				CLANG_WARN__DUPLICATE_METHOD_MATCH = YES;
				CODE_SIGN_IDENTITY = "iPhone Developer";
				COPY_PHASE_STRIP = NO;
				DEBUG_INFORMATION_FORMAT = "dwarf-with-dsym";
				ENABLE_NS_ASSERTIONS = NO;
				ENABLE_STRICT_OBJC_MSGSEND = YES;
				GCC_C_LANGUAGE_STANDARD = gnu11;
				GCC_NO_COMMON_BLOCKS = YES;
				GCC_WARN_64_TO_32_BIT_CONVERSION = YES;
				GCC_WARN_ABOUT_RETURN_TYPE = YES_ERROR;
				GCC_WARN_UNDECLARED_SELECTOR = YES;
				GCC_WARN_UNINITIALIZED_AUTOS = YES_AGGRESSIVE;
				GCC_WARN_UNUSED_FUNCTION = YES;
				GCC_WARN_UNUSED_VARIABLE = YES;
				IPHONEOS_DEPLOYMENT_TARGET = 11.1;
				MTL_ENABLE_DEBUG_INFO = NO;
				SDKROOT = iphoneos;
				VALIDATE_PRODUCT = YES;
			};
			name = Release;
		};
		662E14B71FCC473F00BBCD7B /* Debug */ = {
			isa = XCBuildConfiguration;
			buildSettings = {
				ASSETCATALOG_COMPILER_APPICON_NAME = AppIcon;
				CODE_SIGN_STYLE = Automatic;
				DEVELOPMENT_TEAM = M5VHM7SCC9;
				INFOPLIST_FILE = GMT/Info.plist;
				LD_RUNPATH_SEARCH_PATHS = "$(inherited) @executable_path/Frameworks";
				PRODUCT_BUNDLE_IDENTIFIER = lilun.GMT;
				PRODUCT_NAME = "$(TARGET_NAME)";
				TARGETED_DEVICE_FAMILY = "1,2";
			};
			name = Debug;
		};
		662E14B81FCC473F00BBCD7B /* Release */ = {
			isa = XCBuildConfiguration;
			buildSettings = {
				ASSETCATALOG_COMPILER_APPICON_NAME = AppIcon;
				CODE_SIGN_STYLE = Automatic;
				DEVELOPMENT_TEAM = M5VHM7SCC9;
				INFOPLIST_FILE = GMT/Info.plist;
				LD_RUNPATH_SEARCH_PATHS = "$(inherited) @executable_path/Frameworks";
				PRODUCT_BUNDLE_IDENTIFIER = lilun.GMT;
				PRODUCT_NAME = "$(TARGET_NAME)";
				TARGETED_DEVICE_FAMILY = "1,2";
			};
			name = Release;
		};
/* End XCBuildConfiguration section */

/* Begin XCConfigurationList section */
		662E149B1FCC473F00BBCD7B /* Build configuration list for PBXProject "GMT" */ = {
			isa = XCConfigurationList;
			buildConfigurations = (
				662E14B41FCC473F00BBCD7B /* Debug */,
				662E14B51FCC473F00BBCD7B /* Release */,
			);
			defaultConfigurationIsVisible = 0;
			defaultConfigurationName = Release;
		};
		662E14B61FCC473F00BBCD7B /* Build configuration list for PBXNativeTarget "GMT" */ = {
			isa = XCConfigurationList;
			buildConfigurations = (
				662E14B71FCC473F00BBCD7B /* Debug */,
				662E14B81FCC473F00BBCD7B /* Release */,
			);
			defaultConfigurationIsVisible = 0;
			defaultConfigurationName = Release;
		};
/* End XCConfigurationList section */
	};
	rootObject = 662E14981FCC473F00BBCD7B /* Project object */;
}
